
Microsoft Visual Studio Solution File, Format Version 12.00
# Visual Studio 2012
Project("{2150E333-8FDC-42A3-9474-1A3956D46DE8}") = "Solution Items", "Solution Items", "{EF4EEAB8-434C-47EB-80FE-98AC8F391729}"
	ProjectSection(SolutionItems) = preProject
		CommonAssemblyInfo.cs = CommonAssemblyInfo.cs
		GlobalSuppressions.cs = GlobalSuppressions.cs
		Guardian.nuspec = Guardian.nuspec
		..\LICENSE.mit.txt = ..\LICENSE.mit.txt
		nuget.config = nuget.config
		Settings.StyleCop = Settings.StyleCop
	EndProjectSection
EndProject
Project("{FAE04EC0-301F-11D3-BF4B-00C04F79EFBC}") = "Guardian.Net40", "Guardian.Net40\Guardian.Net40.csproj", "{5CB2A009-4CA5-429D-BB19-0783D172D806}"
EndProject
Project("{FAE04EC0-301F-11D3-BF4B-00C04F79EFBC}") = "Guardian.Net35", "Guardian.Net35\Guardian.Net35.csproj", "{C178E723-E6E8-4ACB-B93B-5B7E2FFA812C}"
EndProject
Project("{FAE04EC0-301F-11D3-BF4B-00C04F79EFBC}") = "Guardian.Net45", "Guardian.Net45\Guardian.Net45.csproj", "{10545F43-C1A8-4758-9096-C295959DD16F}"
EndProject
Project("{2150E333-8FDC-42A3-9474-1A3956D46DE8}") = "Tests", "Tests", "{63BF3FFC-FCE5-49AB-8449-70522F927F44}"
EndProject
Project("{FAE04EC0-301F-11D3-BF4B-00C04F79EFBC}") = "Guardian.Net35.Debug.Tests", "tests\Guardian.Net35.Debug.Tests\Guardian.Net35.Debug.Tests.csproj", "{1B905353-676F-4101-8CE6-1CCF9EF584DD}"
EndProject
Project("{FAE04EC0-301F-11D3-BF4B-00C04F79EFBC}") = "Guardian.Net35.DebugStrict.Tests", "tests\Guardian.Net35.DebugStrict.Tests\Guardian.Net35.DebugStrict.Tests.csproj", "{1A1D84C3-FED0-4C07-9AB7-7738FF7FB79D}"
EndProject
Project("{FAE04EC0-301F-11D3-BF4B-00C04F79EFBC}") = "Guardian.Net35.Release.Tests", "tests\Guardian.Net35.Release.Tests\Guardian.Net35.Release.Tests.csproj", "{59B4EEDB-627E-4847-ADDB-6CD0D6DB8B6A}"
EndProject
Project("{FAE04EC0-301F-11D3-BF4B-00C04F79EFBC}") = "Guardian.Net35.ReleaseStrict.Tests", "tests\Guardian.Net35.ReleaseStrict.Tests\Guardian.Net35.ReleaseStrict.Tests.csproj", "{FB2C7370-9E79-4E67-B4DA-44FB9C5378B5}"
EndProject
Project("{FAE04EC0-301F-11D3-BF4B-00C04F79EFBC}") = "Guardian.Net40.Debug.Tests", "tests\Guardian.Net40.Debug.Tests\Guardian.Net40.Debug.Tests.csproj", "{92C2EB6A-0BE7-407A-A4C1-2CB01CAC88A9}"
EndProject
Project("{FAE04EC0-301F-11D3-BF4B-00C04F79EFBC}") = "Guardian.Net40.DebugStrict.Tests", "tests\Guardian.Net40.DebugStrict.Tests\Guardian.Net40.DebugStrict.Tests.csproj", "{ECDA6AA5-0CF8-4B0C-ACB6-A7EFCD6437D5}"
EndProject
Project("{FAE04EC0-301F-11D3-BF4B-00C04F79EFBC}") = "Guardian.Net40.Release.Tests", "tests\Guardian.Net40.Release.Tests\Guardian.Net40.Release.Tests.csproj", "{655B8246-1218-4913-AFD9-5599F412F7A0}"
EndProject
Project("{FAE04EC0-301F-11D3-BF4B-00C04F79EFBC}") = "Guardian.Net40.ReleaseStrict.Tests", "tests\Guardian.Net40.ReleaseStrict.Tests\Guardian.Net40.ReleaseStrict.Tests.csproj", "{3095E17C-73CA-47C0-B520-85B289A36A92}"
EndProject
Project("{FAE04EC0-301F-11D3-BF4B-00C04F79EFBC}") = "Guardian.Net45.Debug.Tests", "tests\Guardian.Net45.Debug.Tests\Guardian.Net45.Debug.Tests.csproj", "{209A83CB-2295-4C8B-AB9A-55FF972E275B}"
EndProject
Project("{FAE04EC0-301F-11D3-BF4B-00C04F79EFBC}") = "Guardian.Net45.DebugStrict.Tests", "tests\Guardian.Net45.DebugStrict.Tests\Guardian.Net45.DebugStrict.Tests.csproj", "{30611299-93A3-45BD-89D7-ECF5EAD2F8A6}"
EndProject
Project("{FAE04EC0-301F-11D3-BF4B-00C04F79EFBC}") = "Guardian.Net45.Release.Tests", "tests\Guardian.Net45.Release.Tests\Guardian.Net45.Release.Tests.csproj", "{EF3EF2FE-F74A-46C8-B865-38816068BFC5}"
EndProject
Project("{FAE04EC0-301F-11D3-BF4B-00C04F79EFBC}") = "Guardian.Net45.ReleaseStrict.Tests", "tests\Guardian.Net45.ReleaseStrict.Tests\Guardian.Net45.ReleaseStrict.Tests.csproj", "{EF100FD7-28A4-420D-9E45-EE1A78877A07}"
EndProject
Global
	GlobalSection(SolutionConfigurationPlatforms) = preSolution
		Debug|Any CPU = Debug|Any CPU
		Release|Any CPU = Release|Any CPU
	EndGlobalSection
	GlobalSection(ProjectConfigurationPlatforms) = postSolution
		{5CB2A009-4CA5-429D-BB19-0783D172D806}.Debug|Any CPU.ActiveCfg = Debug|Any CPU
		{5CB2A009-4CA5-429D-BB19-0783D172D806}.Debug|Any CPU.Build.0 = Debug|Any CPU
		{5CB2A009-4CA5-429D-BB19-0783D172D806}.Release|Any CPU.ActiveCfg = Debug|Any CPU
		{5CB2A009-4CA5-429D-BB19-0783D172D806}.Release|Any CPU.Build.0 = Debug|Any CPU
		{C178E723-E6E8-4ACB-B93B-5B7E2FFA812C}.Debug|Any CPU.ActiveCfg = Debug|Any CPU
		{C178E723-E6E8-4ACB-B93B-5B7E2FFA812C}.Debug|Any CPU.Build.0 = Debug|Any CPU
		{C178E723-E6E8-4ACB-B93B-5B7E2FFA812C}.Release|Any CPU.ActiveCfg = Debug|Any CPU
		{C178E723-E6E8-4ACB-B93B-5B7E2FFA812C}.Release|Any CPU.Build.0 = Debug|Any CPU
		{10545F43-C1A8-4758-9096-C295959DD16F}.Debug|Any CPU.ActiveCfg = Debug|Any CPU
		{10545F43-C1A8-4758-9096-C295959DD16F}.Debug|Any CPU.Build.0 = Debug|Any CPU
		{10545F43-C1A8-4758-9096-C295959DD16F}.Release|Any CPU.ActiveCfg = Debug|Any CPU
		{10545F43-C1A8-4758-9096-C295959DD16F}.Release|Any CPU.Build.0 = Debug|Any CPU
		{1B905353-676F-4101-8CE6-1CCF9EF584DD}.Debug|Any CPU.ActiveCfg = Debug|Any CPU
		{1B905353-676F-4101-8CE6-1CCF9EF584DD}.Debug|Any CPU.Build.0 = Debug|Any CPU
		{1B905353-676F-4101-8CE6-1CCF9EF584DD}.Release|Any CPU.ActiveCfg = Debug|Any CPU
		{1B905353-676F-4101-8CE6-1CCF9EF584DD}.Release|Any CPU.Build.0 = Debug|Any CPU
		{1A1D84C3-FED0-4C07-9AB7-7738FF7FB79D}.Debug|Any CPU.ActiveCfg = Debug|Any CPU
		{1A1D84C3-FED0-4C07-9AB7-7738FF7FB79D}.Debug|Any CPU.Build.0 = Debug|Any CPU
		{1A1D84C3-FED0-4C07-9AB7-7738FF7FB79D}.Release|Any CPU.ActiveCfg = Debug|Any CPU
		{1A1D84C3-FED0-4C07-9AB7-7738FF7FB79D}.Release|Any CPU.Build.0 = Debug|Any CPU
		{59B4EEDB-627E-4847-ADDB-6CD0D6DB8B6A}.Debug|Any CPU.ActiveCfg = Release|Any CPU
		{59B4EEDB-627E-4847-ADDB-6CD0D6DB8B6A}.Debug|Any CPU.Build.0 = Release|Any CPU
		{59B4EEDB-627E-4847-ADDB-6CD0D6DB8B6A}.Release|Any CPU.ActiveCfg = Release|Any CPU
		{59B4EEDB-627E-4847-ADDB-6CD0D6DB8B6A}.Release|Any CPU.Build.0 = Release|Any CPU
		{FB2C7370-9E79-4E67-B4DA-44FB9C5378B5}.Debug|Any CPU.ActiveCfg = Release|Any CPU
		{FB2C7370-9E79-4E67-B4DA-44FB9C5378B5}.Debug|Any CPU.Build.0 = Release|Any CPU
		{FB2C7370-9E79-4E67-B4DA-44FB9C5378B5}.Release|Any CPU.ActiveCfg = Release|Any CPU
		{FB2C7370-9E79-4E67-B4DA-44FB9C5378B5}.Release|Any CPU.Build.0 = Release|Any CPU
		{92C2EB6A-0BE7-407A-A4C1-2CB01CAC88A9}.Debug|Any CPU.ActiveCfg = Debug|Any CPU
		{92C2EB6A-0BE7-407A-A4C1-2CB01CAC88A9}.Debug|Any CPU.Build.0 = Debug|Any CPU
		{92C2EB6A-0BE7-407A-A4C1-2CB01CAC88A9}.Release|Any CPU.ActiveCfg = Debug|Any CPU
		{92C2EB6A-0BE7-407A-A4C1-2CB01CAC88A9}.Release|Any CPU.Build.0 = Debug|Any CPU
		{ECDA6AA5-0CF8-4B0C-ACB6-A7EFCD6437D5}.Debug|Any CPU.ActiveCfg = Debug|Any CPU
		{ECDA6AA5-0CF8-4B0C-ACB6-A7EFCD6437D5}.Debug|Any CPU.Build.0 = Debug|Any CPU
		{ECDA6AA5-0CF8-4B0C-ACB6-A7EFCD6437D5}.Release|Any CPU.ActiveCfg = Debug|Any CPU
		{ECDA6AA5-0CF8-4B0C-ACB6-A7EFCD6437D5}.Release|Any CPU.Build.0 = Debug|Any CPU
		{655B8246-1218-4913-AFD9-5599F412F7A0}.Debug|Any CPU.ActiveCfg = Release|Any CPU
		{655B8246-1218-4913-AFD9-5599F412F7A0}.Debug|Any CPU.Build.0 = Release|Any CPU
		{655B8246-1218-4913-AFD9-5599F412F7A0}.Release|Any CPU.ActiveCfg = Release|Any CPU
		{655B8246-1218-4913-AFD9-5599F412F7A0}.Release|Any CPU.Build.0 = Release|Any CPU
		{3095E17C-73CA-47C0-B520-85B289A36A92}.Debug|Any CPU.ActiveCfg = Release|Any CPU
		{3095E17C-73CA-47C0-B520-85B289A36A92}.Debug|Any CPU.Build.0 = Release|Any CPU
		{3095E17C-73CA-47C0-B520-85B289A36A92}.Release|Any CPU.ActiveCfg = Release|Any CPU
		{3095E17C-73CA-47C0-B520-85B289A36A92}.Release|Any CPU.Build.0 = Release|Any CPU
		{209A83CB-2295-4C8B-AB9A-55FF972E275B}.Debug|Any CPU.ActiveCfg = Debug|Any CPU
		{209A83CB-2295-4C8B-AB9A-55FF972E275B}.Debug|Any CPU.Build.0 = Debug|Any CPU
		{209A83CB-2295-4C8B-AB9A-55FF972E275B}.Release|Any CPU.ActiveCfg = Debug|Any CPU
		{209A83CB-2295-4C8B-AB9A-55FF972E275B}.Release|Any CPU.Build.0 = Debug|Any CPU
		{30611299-93A3-45BD-89D7-ECF5EAD2F8A6}.Debug|Any CPU.ActiveCfg = Debug|Any CPU
		{30611299-93A3-45BD-89D7-ECF5EAD2F8A6}.Debug|Any CPU.Build.0 = Debug|Any CPU
		{30611299-93A3-45BD-89D7-ECF5EAD2F8A6}.Release|Any CPU.ActiveCfg = Debug|Any CPU
		{30611299-93A3-45BD-89D7-ECF5EAD2F8A6}.Release|Any CPU.Build.0 = Debug|Any CPU
		{EF3EF2FE-F74A-46C8-B865-38816068BFC5}.Debug|Any CPU.ActiveCfg = Release|Any CPU
		{EF3EF2FE-F74A-46C8-B865-38816068BFC5}.Debug|Any CPU.Build.0 = Release|Any CPU
		{EF3EF2FE-F74A-46C8-B865-38816068BFC5}.Release|Any CPU.ActiveCfg = Release|Any CPU
		{EF3EF2FE-F74A-46C8-B865-38816068BFC5}.Release|Any CPU.Build.0 = Release|Any CPU
		{EF100FD7-28A4-420D-9E45-EE1A78877A07}.Debug|Any CPU.ActiveCfg = Release|Any CPU
		{EF100FD7-28A4-420D-9E45-EE1A78877A07}.Debug|Any CPU.Build.0 = Release|Any CPU
		{EF100FD7-28A4-420D-9E45-EE1A78877A07}.Release|Any CPU.ActiveCfg = Release|Any CPU
		{EF100FD7-28A4-420D-9E45-EE1A78877A07}.Release|Any CPU.Build.0 = Release|Any CPU
	EndGlobalSection
	GlobalSection(SolutionProperties) = preSolution
		HideSolutionNode = FALSE
	EndGlobalSection
	GlobalSection(NestedProjects) = preSolution
		{1B905353-676F-4101-8CE6-1CCF9EF584DD} = {63BF3FFC-FCE5-49AB-8449-70522F927F44}
		{1A1D84C3-FED0-4C07-9AB7-7738FF7FB79D} = {63BF3FFC-FCE5-49AB-8449-70522F927F44}
		{59B4EEDB-627E-4847-ADDB-6CD0D6DB8B6A} = {63BF3FFC-FCE5-49AB-8449-70522F927F44}
		{FB2C7370-9E79-4E67-B4DA-44FB9C5378B5} = {63BF3FFC-FCE5-49AB-8449-70522F927F44}
		{92C2EB6A-0BE7-407A-A4C1-2CB01CAC88A9} = {63BF3FFC-FCE5-49AB-8449-70522F927F44}
		{ECDA6AA5-0CF8-4B0C-ACB6-A7EFCD6437D5} = {63BF3FFC-FCE5-49AB-8449-70522F927F44}
		{655B8246-1218-4913-AFD9-5599F412F7A0} = {63BF3FFC-FCE5-49AB-8449-70522F927F44}
		{3095E17C-73CA-47C0-B520-85B289A36A92} = {63BF3FFC-FCE5-49AB-8449-70522F927F44}
		{209A83CB-2295-4C8B-AB9A-55FF972E275B} = {63BF3FFC-FCE5-49AB-8449-70522F927F44}
		{30611299-93A3-45BD-89D7-ECF5EAD2F8A6} = {63BF3FFC-FCE5-49AB-8449-70522F927F44}
		{EF3EF2FE-F74A-46C8-B865-38816068BFC5} = {63BF3FFC-FCE5-49AB-8449-70522F927F44}
		{EF100FD7-28A4-420D-9E45-EE1A78877A07} = {63BF3FFC-FCE5-49AB-8449-70522F927F44}
	EndGlobalSection
EndGlobal
